
Microsoft Visual Studio Solution File, Format Version 12.00
# Visual Studio 15
VisualStudioVersion = 15.0.27004.2005
MinimumVisualStudioVersion = 10.0.40219.1
Project("{FAE04EC0-301F-11D3-BF4B-00C04F79EFBC}") = "FreeInputCE", "FreeInputCE.csproj", "{EA450FC3-962E-4AC3-83B1-273B625B72E5}"
EndProject
Global
	GlobalSection(SolutionConfigurationPlatforms) = preSolution
		Debug|Any CPU = Debug|Any CPU
		Release|Any CPU = Release|Any CPU
	EndGlobalSection
	GlobalSection(ProjectConfigurationPlatforms) = postSolution
		{EA450FC3-962E-4AC3-83B1-273B625B72E5}.Debug|Any CPU.ActiveCfg = Debug|Any CPU
		{EA450FC3-962E-4AC3-83B1-273B625B72E5}.Debug|Any CPU.Build.0 = Debug|Any CPU
		{EA450FC3-962E-4AC3-83B1-273B625B72E5}.Release|Any CPU.ActiveCfg = Release|Any CPU
		{EA450FC3-962E-4AC3-83B1-273B625B72E5}.Release|Any CPU.Build.0 = Release|Any CPU
	EndGlobalSection
	GlobalSection(SolutionProperties) = preSolution
		HideSolutionNode = FALSE
	EndGlobalSection
	GlobalSection(ExtensibilityGlobals) = postSolution
		SolutionGuid = {9891AC2F-9543-4C4A-8F28-09044E4E547B}
	EndGlobalSection
EndGlobal
