
Microsoft Visual Studio Solution File, Format Version 12.00
# Visual Studio 15
VisualStudioVersion = 15.0.27004.2006
MinimumVisualStudioVersion = 10.0.40219.1
Project("{FAE04EC0-301F-11D3-BF4B-00C04F79EFBC}") = "DubsBadHygieneHSKCompPatch", "DubsBadHygieneHSKCompPatch\DubsBadHygieneHSKCompPatch.csproj", "{B7A689C8-3297-4411-8ACE-2E0FFB057BB1}"
EndProject
Global
	GlobalSection(SolutionConfigurationPlatforms) = preSolution
		Debug|Any CPU = Debug|Any CPU
		Release|Any CPU = Release|Any CPU
	EndGlobalSection
	GlobalSection(ProjectConfigurationPlatforms) = postSolution
		{B7A689C8-3297-4411-8ACE-2E0FFB057BB1}.Debug|Any CPU.ActiveCfg = Debug|Any CPU
		{B7A689C8-3297-4411-8ACE-2E0FFB057BB1}.Debug|Any CPU.Build.0 = Debug|Any CPU
		{B7A689C8-3297-4411-8ACE-2E0FFB057BB1}.Release|Any CPU.ActiveCfg = Release|Any CPU
		{B7A689C8-3297-4411-8ACE-2E0FFB057BB1}.Release|Any CPU.Build.0 = Release|Any CPU
	EndGlobalSection
	GlobalSection(SolutionProperties) = preSolution
		HideSolutionNode = FALSE
	EndGlobalSection
	GlobalSection(ExtensibilityGlobals) = postSolution
		SolutionGuid = {4E5E1E08-21F6-4A74-BA47-506772A69757}
	EndGlobalSection
EndGlobal
